// !$*UTF8*$!
{
	archiveVersion = 1;
	classes = {
	};
	objectVersion = 50;
	objects = {

/* Begin PBXBuildFile section */
		4723ADD7212820680075CCAC /* DataModel.xcdatamodeld in Sources */ = {isa = PBXBuildFile; fileRef = 4723ADD5212820680075CCAC /* DataModel.xcdatamodeld */; };
		4723ADDA212829150075CCAC /* Location+CoreDataClass.swift in Sources */ = {isa = PBXBuildFile; fileRef = 4723ADD8212829150075CCAC /* Location+CoreDataClass.swift */; };
		4723ADDB212829150075CCAC /* Location+CoreDataProperties.swift in Sources */ = {isa = PBXBuildFile; fileRef = 4723ADD9212829150075CCAC /* Location+CoreDataProperties.swift */; };
		47A59FE02129B4FD00511BFC /* LocationsViewController.swift in Sources */ = {isa = PBXBuildFile; fileRef = 47A59FDF2129B4FD00511BFC /* LocationsViewController.swift */; };
		47A59FE22129BF3200511BFC /* LocationCell.swift in Sources */ = {isa = PBXBuildFile; fileRef = 47A59FE12129BF3200511BFC /* LocationCell.swift */; };
		47C9FDB02122E909001E4A81 /* AppDelegate.swift in Sources */ = {isa = PBXBuildFile; fileRef = 47C9FDAF2122E909001E4A81 /* AppDelegate.swift */; };
		47C9FDB22122E909001E4A81 /* CurrentLocationViewController.swift in Sources */ = {isa = PBXBuildFile; fileRef = 47C9FDB12122E909001E4A81 /* CurrentLocationViewController.swift */; };
		47C9FDB72122E909001E4A81 /* Main.storyboard in Resources */ = {isa = PBXBuildFile; fileRef = 47C9FDB52122E909001E4A81 /* Main.storyboard */; };
		47C9FDB92122E90B001E4A81 /* Assets.xcassets in Resources */ = {isa = PBXBuildFile; fileRef = 47C9FDB82122E90B001E4A81 /* Assets.xcassets */; };
		47C9FDBC2122E90B001E4A81 /* LaunchScreen.storyboard in Resources */ = {isa = PBXBuildFile; fileRef = 47C9FDBA2122E90B001E4A81 /* LaunchScreen.storyboard */; };
		47E16ADD2125C0C0000A64DF /* LocationDetailsViewController.swift in Sources */ = {isa = PBXBuildFile; fileRef = 47E16ADC2125C0C0000A64DF /* LocationDetailsViewController.swift */; };
		47E16ADF2126B562000A64DF /* CategoryPickerViewController.swift in Sources */ = {isa = PBXBuildFile; fileRef = 47E16ADE2126B562000A64DF /* CategoryPickerViewController.swift */; };
		47E16AE12126CAD8000A64DF /* HudView.swift in Sources */ = {isa = PBXBuildFile; fileRef = 47E16AE02126CAD8000A64DF /* HudView.swift */; };
		47E16AE32126E3CF000A64DF /* Functions.swift in Sources */ = {isa = PBXBuildFile; fileRef = 47E16AE22126E3CF000A64DF /* Functions.swift */; };
/* End PBXBuildFile section */

/* Begin PBXFileReference section */
		4723ADD6212820680075CCAC /* DataModel.xcdatamodel */ = {isa = PBXFileReference; lastKnownFileType = wrapper.xcdatamodel; path = DataModel.xcdatamodel; sourceTree = "<group>"; };
		4723ADD8212829150075CCAC /* Location+CoreDataClass.swift */ = {isa = PBXFileReference; lastKnownFileType = sourcecode.swift; path = "Location+CoreDataClass.swift"; sourceTree = "<group>"; };
		4723ADD9212829150075CCAC /* Location+CoreDataProperties.swift */ = {isa = PBXFileReference; lastKnownFileType = sourcecode.swift; path = "Location+CoreDataProperties.swift"; sourceTree = "<group>"; };
		47A59FDF2129B4FD00511BFC /* LocationsViewController.swift */ = {isa = PBXFileReference; lastKnownFileType = sourcecode.swift; path = LocationsViewController.swift; sourceTree = "<group>"; };
		47A59FE12129BF3200511BFC /* LocationCell.swift */ = {isa = PBXFileReference; lastKnownFileType = sourcecode.swift; path = LocationCell.swift; sourceTree = "<group>"; };
		47C9FDAC2122E909001E4A81 /* MyLocations.app */ = {isa = PBXFileReference; explicitFileType = wrapper.application; includeInIndex = 0; path = MyLocations.app; sourceTree = BUILT_PRODUCTS_DIR; };
		47C9FDAF2122E909001E4A81 /* AppDelegate.swift */ = {isa = PBXFileReference; lastKnownFileType = sourcecode.swift; path = AppDelegate.swift; sourceTree = "<group>"; };
		47C9FDB12122E909001E4A81 /* CurrentLocationViewController.swift */ = {isa = PBXFileReference; lastKnownFileType = sourcecode.swift; path = CurrentLocationViewController.swift; sourceTree = "<group>"; };
		47C9FDB62122E909001E4A81 /* Base */ = {isa = PBXFileReference; lastKnownFileType = file.storyboard; name = Base; path = Base.lproj/Main.storyboard; sourceTree = "<group>"; };
		47C9FDB82122E90B001E4A81 /* Assets.xcassets */ = {isa = PBXFileReference; lastKnownFileType = folder.assetcatalog; path = Assets.xcassets; sourceTree = "<group>"; };
		47C9FDBB2122E90B001E4A81 /* Base */ = {isa = PBXFileReference; lastKnownFileType = file.storyboard; name = Base; path = Base.lproj/LaunchScreen.storyboard; sourceTree = "<group>"; };
		47C9FDBD2122E90B001E4A81 /* Info.plist */ = {isa = PBXFileReference; lastKnownFileType = text.plist.xml; path = Info.plist; sourceTree = "<group>"; };
		47E16ADC2125C0C0000A64DF /* LocationDetailsViewController.swift */ = {isa = PBXFileReference; lastKnownFileType = sourcecode.swift; path = LocationDetailsViewController.swift; sourceTree = "<group>"; };
		47E16ADE2126B562000A64DF /* CategoryPickerViewController.swift */ = {isa = PBXFileReference; lastKnownFileType = sourcecode.swift; path = CategoryPickerViewController.swift; sourceTree = "<group>"; };
		47E16AE02126CAD8000A64DF /* HudView.swift */ = {isa = PBXFileReference; lastKnownFileType = sourcecode.swift; path = HudView.swift; sourceTree = "<group>"; };
		47E16AE22126E3CF000A64DF /* Functions.swift */ = {isa = PBXFileReference; lastKnownFileType = sourcecode.swift; path = Functions.swift; sourceTree = "<group>"; };
/* End PBXFileReference section */

/* Begin PBXFrameworksBuildPhase section */
		47C9FDA92122E909001E4A81 /* Frameworks */ = {
			isa = PBXFrameworksBuildPhase;
			buildActionMask = 2147483647;
			files = (
			);
			runOnlyForDeploymentPostprocessing = 0;
		};
/* End PBXFrameworksBuildPhase section */

/* Begin PBXGroup section */
		47C9FDA32122E909001E4A81 = {
			isa = PBXGroup;
			children = (
				4723ADD8212829150075CCAC /* Location+CoreDataClass.swift */,
				4723ADD9212829150075CCAC /* Location+CoreDataProperties.swift */,
				47C9FDAE2122E909001E4A81 /* MyLocations */,
				47C9FDAD2122E909001E4A81 /* Products */,
			);
			sourceTree = "<group>";
		};
		47C9FDAD2122E909001E4A81 /* Products */ = {
			isa = PBXGroup;
			children = (
				47C9FDAC2122E909001E4A81 /* MyLocations.app */,
			);
			name = Products;
			sourceTree = "<group>";
		};
		47C9FDAE2122E909001E4A81 /* MyLocations */ = {
			isa = PBXGroup;
			children = (
				47C9FDAF2122E909001E4A81 /* AppDelegate.swift */,
				47C9FDB82122E90B001E4A81 /* Assets.xcassets */,
				47E16ADE2126B562000A64DF /* CategoryPickerViewController.swift */,
				47C9FDB12122E909001E4A81 /* CurrentLocationViewController.swift */,
				4723ADD5212820680075CCAC /* DataModel.xcdatamodeld */,
				47E16AE22126E3CF000A64DF /* Functions.swift */,
				47E16AE02126CAD8000A64DF /* HudView.swift */,
				47C9FDBD2122E90B001E4A81 /* Info.plist */,
				47C9FDBA2122E90B001E4A81 /* LaunchScreen.storyboard */,
				47E16ADC2125C0C0000A64DF /* LocationDetailsViewController.swift */,
				47A59FDF2129B4FD00511BFC /* LocationsViewController.swift */,
				47A59FE12129BF3200511BFC /* LocationCell.swift */,
				47C9FDB52122E909001E4A81 /* Main.storyboard */,
			);
			path = MyLocations;
			sourceTree = "<group>";
		};
/* End PBXGroup section */

/* Begin PBXNativeTarget section */
		47C9FDAB2122E909001E4A81 /* MyLocations */ = {
			isa = PBXNativeTarget;
			buildConfigurationList = 47C9FDC02122E90B001E4A81 /* Build configuration list for PBXNativeTarget "MyLocations" */;
			buildPhases = (
				47C9FDA82122E909001E4A81 /* Sources */,
				47C9FDA92122E909001E4A81 /* Frameworks */,
				47C9FDAA2122E909001E4A81 /* Resources */,
			);
			buildRules = (
			);
			dependencies = (
			);
			name = MyLocations;
			productName = MyLocations;
			productReference = 47C9FDAC2122E909001E4A81 /* MyLocations.app */;
			productType = "com.apple.product-type.application";
		};
/* End PBXNativeTarget section */

/* Begin PBXProject section */
		47C9FDA42122E909001E4A81 /* Project object */ = {
			isa = PBXProject;
			attributes = {
				LastSwiftUpdateCheck = 0940;
				LastUpgradeCheck = 0940;
				ORGANIZATIONNAME = "Mihaela Simion";
				TargetAttributes = {
					47C9FDAB2122E909001E4A81 = {
						CreatedOnToolsVersion = 9.4.1;
					};
				};
			};
			buildConfigurationList = 47C9FDA72122E909001E4A81 /* Build configuration list for PBXProject "MyLocations" */;
			compatibilityVersion = "Xcode 9.3";
			developmentRegion = en;
			hasScannedForEncodings = 0;
			knownRegions = (
				en,
				Base,
			);
			mainGroup = 47C9FDA32122E909001E4A81;
			productRefGroup = 47C9FDAD2122E909001E4A81 /* Products */;
			projectDirPath = "";
			projectRoot = "";
			targets = (
				47C9FDAB2122E909001E4A81 /* MyLocations */,
			);
		};
/* End PBXProject section */

/* Begin PBXResourcesBuildPhase section */
		47C9FDAA2122E909001E4A81 /* Resources */ = {
			isa = PBXResourcesBuildPhase;
			buildActionMask = 2147483647;
			files = (
				47C9FDBC2122E90B001E4A81 /* LaunchScreen.storyboard in Resources */,
				47C9FDB92122E90B001E4A81 /* Assets.xcassets in Resources */,
				47C9FDB72122E909001E4A81 /* Main.storyboard in Resources */,
			);
			runOnlyForDeploymentPostprocessing = 0;
		};
/* End PBXResourcesBuildPhase section */

/* Begin PBXSourcesBuildPhase section */
		47C9FDA82122E909001E4A81 /* Sources */ = {
			isa = PBXSourcesBuildPhase;
			buildActionMask = 2147483647;
			files = (
				47E16ADD2125C0C0000A64DF /* LocationDetailsViewController.swift in Sources */,
				4723ADD7212820680075CCAC /* DataModel.xcdatamodeld in Sources */,
				47E16AE12126CAD8000A64DF /* HudView.swift in Sources */,
				47A59FE02129B4FD00511BFC /* LocationsViewController.swift in Sources */,
				4723ADDB212829150075CCAC /* Location+CoreDataProperties.swift in Sources */,
				47E16AE32126E3CF000A64DF /* Functions.swift in Sources */,
				47A59FE22129BF3200511BFC /* LocationCell.swift in Sources */,
				47C9FDB02122E909001E4A81 /* AppDelegate.swift in Sources */,
				4723ADDA212829150075CCAC /* Location+CoreDataClass.swift in Sources */,
				47E16ADF2126B562000A64DF /* CategoryPickerViewController.swift in Sources */,
				47C9FDB22122E909001E4A81 /* CurrentLocationViewController.swift in Sources */,
			);
			runOnlyForDeploymentPostprocessing = 0;
		};
/* End PBXSourcesBuildPhase section */

/* Begin PBXVariantGroup section */
		47C9FDB52122E909001E4A81 /* Main.storyboard */ = {
			isa = PBXVariantGroup;
			children = (
				47C9FDB62122E909001E4A81 /* Base */,
			);
			name = Main.storyboard;
			sourceTree = "<group>";
		};
		47C9FDBA2122E90B001E4A81 /* LaunchScreen.storyboard */ = {
			isa = PBXVariantGroup;
			children = (
				47C9FDBB2122E90B001E4A81 /* Base */,
			);
			name = LaunchScreen.storyboard;
			sourceTree = "<group>";
		};
/* End PBXVariantGroup section */

/* Begin XCBuildConfiguration section */
		47C9FDBE2122E90B001E4A81 /* Debug */ = {
			isa = XCBuildConfiguration;
			buildSettings = {
				ALWAYS_SEARCH_USER_PATHS = NO;
				CLANG_ANALYZER_NONNULL = YES;
				CLANG_ANALYZER_NUMBER_OBJECT_CONVERSION = YES_AGGRESSIVE;
				CLANG_CXX_LANGUAGE_STANDARD = "gnu++14";
				CLANG_CXX_LIBRARY = "libc++";
				CLANG_ENABLE_MODULES = YES;
				CLANG_ENABLE_OBJC_ARC = YES;
				CLANG_ENABLE_OBJC_WEAK = YES;
				CLANG_WARN_BLOCK_CAPTURE_AUTORELEASING = YES;
				CLANG_WARN_BOOL_CONVERSION = YES;
				CLANG_WARN_COMMA = YES;
				CLANG_WARN_CONSTANT_CONVERSION = YES;
				CLANG_WARN_DEPRECATED_OBJC_IMPLEMENTATIONS = YES;
				CLANG_WARN_DIRECT_OBJC_ISA_USAGE = YES_ERROR;
				CLANG_WARN_DOCUMENTATION_COMMENTS = YES;
				CLANG_WARN_EMPTY_BODY = YES;
				CLANG_WARN_ENUM_CONVERSION = YES;
				CLANG_WARN_INFINITE_RECURSION = YES;
				CLANG_WARN_INT_CONVERSION = YES;
				CLANG_WARN_NON_LITERAL_NULL_CONVERSION = YES;
				CLANG_WARN_OBJC_IMPLICIT_RETAIN_SELF = YES;
				CLANG_WARN_OBJC_LITERAL_CONVERSION = YES;
				CLANG_WARN_OBJC_ROOT_CLASS = YES_ERROR;
				CLANG_WARN_RANGE_LOOP_ANALYSIS = YES;
				CLANG_WARN_STRICT_PROTOTYPES = YES;
				CLANG_WARN_SUSPICIOUS_MOVE = YES;
				CLANG_WARN_UNGUARDED_AVAILABILITY = YES_AGGRESSIVE;
				CLANG_WARN_UNREACHABLE_CODE = YES;
				CLANG_WARN__DUPLICATE_METHOD_MATCH = YES;
				CODE_SIGN_IDENTITY = "iPhone Developer";
				COPY_PHASE_STRIP = NO;
				DEBUG_INFORMATION_FORMAT = dwarf;
				ENABLE_STRICT_OBJC_MSGSEND = YES;
				ENABLE_TESTABILITY = YES;
				GCC_C_LANGUAGE_STANDARD = gnu11;
				GCC_DYNAMIC_NO_PIC = NO;
				GCC_NO_COMMON_BLOCKS = YES;
				GCC_OPTIMIZATION_LEVEL = 0;
				GCC_PREPROCESSOR_DEFINITIONS = (
					"DEBUG=1",
					"$(inherited)",
				);
				GCC_WARN_64_TO_32_BIT_CONVERSION = YES;
				GCC_WARN_ABOUT_RETURN_TYPE = YES_ERROR;
				GCC_WARN_UNDECLARED_SELECTOR = YES;
				GCC_WARN_UNINITIALIZED_AUTOS = YES_AGGRESSIVE;
				GCC_WARN_UNUSED_FUNCTION = YES;
				GCC_WARN_UNUSED_VARIABLE = YES;
				IPHONEOS_DEPLOYMENT_TARGET = 11.4;
				MTL_ENABLE_DEBUG_INFO = YES;
				ONLY_ACTIVE_ARCH = YES;
				SDKROOT = iphoneos;
				SWIFT_ACTIVE_COMPILATION_CONDITIONS = DEBUG;
				SWIFT_OPTIMIZATION_LEVEL = "-Onone";
			};
			name = Debug;
		};
		47C9FDBF2122E90B001E4A81 /* Release */ = {
			isa = XCBuildConfiguration;
			buildSettings = {
				ALWAYS_SEARCH_USER_PATHS = NO;
				CLANG_ANALYZER_NONNULL = YES;
				CLANG_ANALYZER_NUMBER_OBJECT_CONVERSION = YES_AGGRESSIVE;
				CLANG_CXX_LANGUAGE_STANDARD = "gnu++14";
				CLANG_CXX_LIBRARY = "libc++";
				CLANG_ENABLE_MODULES = YES;
				CLANG_ENABLE_OBJC_ARC = YES;
				CLANG_ENABLE_OBJC_WEAK = YES;
				CLANG_WARN_BLOCK_CAPTURE_AUTORELEASING = YES;
				CLANG_WARN_BOOL_CONVERSION = YES;
				CLANG_WARN_COMMA = YES;
				CLANG_WARN_CONSTANT_CONVERSION = YES;
				CLANG_WARN_DEPRECATED_OBJC_IMPLEMENTATIONS = YES;
				CLANG_WARN_DIRECT_OBJC_ISA_USAGE = YES_ERROR;
				CLANG_WARN_DOCUMENTATION_COMMENTS = YES;
				CLANG_WARN_EMPTY_BODY = YES;
				CLANG_WARN_ENUM_CONVERSION = YES;
				CLANG_WARN_INFINITE_RECURSION = YES;
				CLANG_WARN_INT_CONVERSION = YES;
				CLANG_WARN_NON_LITERAL_NULL_CONVERSION = YES;
				CLANG_WARN_OBJC_IMPLICIT_RETAIN_SELF = YES;
				CLANG_WARN_OBJC_LITERAL_CONVERSION = YES;
				CLANG_WARN_OBJC_ROOT_CLASS = YES_ERROR;
				CLANG_WARN_RANGE_LOOP_ANALYSIS = YES;
				CLANG_WARN_STRICT_PROTOTYPES = YES;
				CLANG_WARN_SUSPICIOUS_MOVE = YES;
				CLANG_WARN_UNGUARDED_AVAILABILITY = YES_AGGRESSIVE;
				CLANG_WARN_UNREACHABLE_CODE = YES;
				CLANG_WARN__DUPLICATE_METHOD_MATCH = YES;
				CODE_SIGN_IDENTITY = "iPhone Developer";
				COPY_PHASE_STRIP = NO;
				DEBUG_INFORMATION_FORMAT = "dwarf-with-dsym";
				ENABLE_NS_ASSERTIONS = NO;
				ENABLE_STRICT_OBJC_MSGSEND = YES;
				GCC_C_LANGUAGE_STANDARD = gnu11;
				GCC_NO_COMMON_BLOCKS = YES;
				GCC_WARN_64_TO_32_BIT_CONVERSION = YES;
				GCC_WARN_ABOUT_RETURN_TYPE = YES_ERROR;
				GCC_WARN_UNDECLARED_SELECTOR = YES;
				GCC_WARN_UNINITIALIZED_AUTOS = YES_AGGRESSIVE;
				GCC_WARN_UNUSED_FUNCTION = YES;
				GCC_WARN_UNUSED_VARIABLE = YES;
				IPHONEOS_DEPLOYMENT_TARGET = 11.4;
				MTL_ENABLE_DEBUG_INFO = NO;
				SDKROOT = iphoneos;
				SWIFT_COMPILATION_MODE = wholemodule;
				SWIFT_OPTIMIZATION_LEVEL = "-O";
				VALIDATE_PRODUCT = YES;
			};
			name = Release;
		};
		47C9FDC12122E90B001E4A81 /* Debug */ = {
			isa = XCBuildConfiguration;
			buildSettings = {
				ASSETCATALOG_COMPILER_APPICON_NAME = AppIcon;
				CODE_SIGN_STYLE = Automatic;
				DEVELOPMENT_TEAM = 8C5P567C39;
				INFOPLIST_FILE = MyLocations/Info.plist;
				LD_RUNPATH_SEARCH_PATHS = (
					"$(inherited)",
					"@executable_path/Frameworks",
				);
				PRODUCT_BUNDLE_IDENTIFIER = com.mihaelaSi.MyLocations;
				PRODUCT_NAME = "$(TARGET_NAME)";
				SWIFT_VERSION = 4.0;
				TARGETED_DEVICE_FAMILY = "1,2";
			};
			name = Debug;
		};
		47C9FDC22122E90B001E4A81 /* Release */ = {
			isa = XCBuildConfiguration;
			buildSettings = {
				ASSETCATALOG_COMPILER_APPICON_NAME = AppIcon;
				CODE_SIGN_STYLE = Automatic;
				DEVELOPMENT_TEAM = 8C5P567C39;
				INFOPLIST_FILE = MyLocations/Info.plist;
				LD_RUNPATH_SEARCH_PATHS = (
					"$(inherited)",
					"@executable_path/Frameworks",
				);
				PRODUCT_BUNDLE_IDENTIFIER = com.mihaelaSi.MyLocations;
				PRODUCT_NAME = "$(TARGET_NAME)";
				SWIFT_VERSION = 4.0;
				TARGETED_DEVICE_FAMILY = "1,2";
			};
			name = Release;
		};
/* End XCBuildConfiguration section */

/* Begin XCConfigurationList section */
		47C9FDA72122E909001E4A81 /* Build configuration list for PBXProject "MyLocations" */ = {
			isa = XCConfigurationList;
			buildConfigurations = (
				47C9FDBE2122E90B001E4A81 /* Debug */,
				47C9FDBF2122E90B001E4A81 /* Release */,
			);
			defaultConfigurationIsVisible = 0;
			defaultConfigurationName = Release;
		};
		47C9FDC02122E90B001E4A81 /* Build configuration list for PBXNativeTarget "MyLocations" */ = {
			isa = XCConfigurationList;
			buildConfigurations = (
				47C9FDC12122E90B001E4A81 /* Debug */,
				47C9FDC22122E90B001E4A81 /* Release */,
			);
			defaultConfigurationIsVisible = 0;
			defaultConfigurationName = Release;
		};
/* End XCConfigurationList section */

/* Begin XCVersionGroup section */
		4723ADD5212820680075CCAC /* DataModel.xcdatamodeld */ = {
			isa = XCVersionGroup;
			children = (
				4723ADD6212820680075CCAC /* DataModel.xcdatamodel */,
			);
			currentVersion = 4723ADD6212820680075CCAC /* DataModel.xcdatamodel */;
			path = DataModel.xcdatamodeld;
			sourceTree = "<group>";
			versionGroupType = wrapper.xcdatamodel;
		};
/* End XCVersionGroup section */
	};
	rootObject = 47C9FDA42122E909001E4A81 /* Project object */;
}
